// !$*UTF8*$!
{
	archiveVersion = 1;
	classes = {
	};
	objectVersion = 56;
	objects = {

/* Begin PBXBuildFile section */
		500382962B4644CE00B414D7 /* PlacesFeedViewController.swift in Sources */ = {isa = PBXBuildFile; fileRef = 500382952B4644CE00B414D7 /* PlacesFeedViewController.swift */; };
		500382982B464C3E00B414D7 /* PlacesFeedCoordinator.swift in Sources */ = {isa = PBXBuildFile; fileRef = 500382972B464C3E00B414D7 /* PlacesFeedCoordinator.swift */; };
		506D492E2B32AD2200B38868 /* AppDelegate.swift in Sources */ = {isa = PBXBuildFile; fileRef = 506D492D2B32AD2200B38868 /* AppDelegate.swift */; };
		506D49372B32AD2300B38868 /* Assets.xcassets in Resources */ = {isa = PBXBuildFile; fileRef = 506D49362B32AD2300B38868 /* Assets.xcassets */; };
		506D493A2B32AD2300B38868 /* LaunchScreen.storyboard in Resources */ = {isa = PBXBuildFile; fileRef = 506D49382B32AD2300B38868 /* LaunchScreen.storyboard */; };
		506D49452B32AD2300B38868 /* TravellerBuddy_iOSTests.swift in Sources */ = {isa = PBXBuildFile; fileRef = 506D49442B32AD2300B38868 /* TravellerBuddy_iOSTests.swift */; };
		506D494F2B32AD2300B38868 /* TravellerBuddy_iOSUITests.swift in Sources */ = {isa = PBXBuildFile; fileRef = 506D494E2B32AD2300B38868 /* TravellerBuddy_iOSUITests.swift */; };
		506D49512B32AD2300B38868 /* TravellerBuddy_iOSUITestsLaunchTests.swift in Sources */ = {isa = PBXBuildFile; fileRef = 506D49502B32AD2300B38868 /* TravellerBuddy_iOSUITestsLaunchTests.swift */; };
		506D49632B32AF9700B38868 /* NetworkConfig.swift in Sources */ = {isa = PBXBuildFile; fileRef = 506D49622B32AF9700B38868 /* NetworkConfig.swift */; };
		506D49652B32B07300B38868 /* DataTransferService.swift in Sources */ = {isa = PBXBuildFile; fileRef = 506D49642B32B07300B38868 /* DataTransferService.swift */; };
		506D49672B32C55D00B38868 /* NetworkService.swift in Sources */ = {isa = PBXBuildFile; fileRef = 506D49662B32C55D00B38868 /* NetworkService.swift */; };
		506D49692B32D71700B38868 /* Endpoint.swift in Sources */ = {isa = PBXBuildFile; fileRef = 506D49682B32D71700B38868 /* Endpoint.swift */; };
		506D496B2B32E11200B38868 /* AppConfiguration.swift in Sources */ = {isa = PBXBuildFile; fileRef = 506D496A2B32E11200B38868 /* AppConfiguration.swift */; };
		506D496D2B32E18500B38868 /* AppDIContainer.swift in Sources */ = {isa = PBXBuildFile; fileRef = 506D496C2B32E18500B38868 /* AppDIContainer.swift */; };
		506D496F2B34702200B38868 /* NetworkSessionManager.swift in Sources */ = {isa = PBXBuildFile; fileRef = 506D496E2B34702200B38868 /* NetworkSessionManager.swift */; };
		506D49712B34704E00B38868 /* ErrorResolver.swift in Sources */ = {isa = PBXBuildFile; fileRef = 506D49702B34704E00B38868 /* ErrorResolver.swift */; };
		506D49732B34709400B38868 /* Request+Extension.swift in Sources */ = {isa = PBXBuildFile; fileRef = 506D49722B34709400B38868 /* Request+Extension.swift */; };
		506D49762B34716400B38868 /* DefaultTouristsRepository.swift in Sources */ = {isa = PBXBuildFile; fileRef = 506D49752B34716400B38868 /* DefaultTouristsRepository.swift */; };
		506D49782B34718600B38868 /* TouristsRepository.swift in Sources */ = {isa = PBXBuildFile; fileRef = 506D49772B34718600B38868 /* TouristsRepository.swift */; };
		506D497A2B34733B00B38868 /* Cancellable.swift in Sources */ = {isa = PBXBuildFile; fileRef = 506D49792B34733B00B38868 /* Cancellable.swift */; };
		506D497F2B347AB300B38868 /* TouristListViewModel.swift in Sources */ = {isa = PBXBuildFile; fileRef = 506D497E2B347AB300B38868 /* TouristListViewModel.swift */; };
		506D49822B347CFC00B38868 /* APIEndpoints.swift in Sources */ = {isa = PBXBuildFile; fileRef = 506D49812B347CFC00B38868 /* APIEndpoints.swift */; };
		506D49852B347D4F00B38868 /* TouristListApiModel.swift in Sources */ = {isa = PBXBuildFile; fileRef = 506D49842B347D4F00B38868 /* TouristListApiModel.swift */; };
		506D49882B34800100B38868 /* Constant.swift in Sources */ = {isa = PBXBuildFile; fileRef = 506D49872B34800100B38868 /* Constant.swift */; };
		506D498A2B34808A00B38868 /* TouristsRequestModel.swift in Sources */ = {isa = PBXBuildFile; fileRef = 506D49892B34808A00B38868 /* TouristsRequestModel.swift */; };
		506D498D2B34821D00B38868 /* TouristListApiModel+Mapping.swift in Sources */ = {isa = PBXBuildFile; fileRef = 506D498C2B34821D00B38868 /* TouristListApiModel+Mapping.swift */; };
		506D49922B3490A200B38868 /* HomeViewController.swift in Sources */ = {isa = PBXBuildFile; fileRef = 506D49912B3490A200B38868 /* HomeViewController.swift */; };
		506D49952B34916F00B38868 /* UIViewExtensions.swift in Sources */ = {isa = PBXBuildFile; fileRef = 506D49942B34916F00B38868 /* UIViewExtensions.swift */; };
		506D499A2B3525A800B38868 /* RootCoordinator.swift in Sources */ = {isa = PBXBuildFile; fileRef = 506D49992B3525A800B38868 /* RootCoordinator.swift */; };
		506D499C2B353D0500B38868 /* PlacesListView.swift in Sources */ = {isa = PBXBuildFile; fileRef = 506D499B2B353D0500B38868 /* PlacesListView.swift */; };
		506D499E2B35404800B38868 /* PlacesListCell.swift in Sources */ = {isa = PBXBuildFile; fileRef = 506D499D2B35404800B38868 /* PlacesListCell.swift */; };
		506D49A12B35732800B38868 /* HomeViewModel.swift in Sources */ = {isa = PBXBuildFile; fileRef = 506D49A02B35732800B38868 /* HomeViewModel.swift */; };
		506D49A72B367C3900B38868 /* ImageDownloader.swift in Sources */ = {isa = PBXBuildFile; fileRef = 506D49A62B367C3900B38868 /* ImageDownloader.swift */; };
		506D49A92B368AFA00B38868 /* UIImageViewExtensions.swift in Sources */ = {isa = PBXBuildFile; fileRef = 506D49A82B368AFA00B38868 /* UIImageViewExtensions.swift */; };
		506D49AB2B36B53600B38868 /* PlacesSectionHeaderView.swift in Sources */ = {isa = PBXBuildFile; fileRef = 506D49AA2B36B53600B38868 /* PlacesSectionHeaderView.swift */; };
		506D49AD2B37148E00B38868 /* CategoryListView.swift in Sources */ = {isa = PBXBuildFile; fileRef = 506D49AC2B37148E00B38868 /* CategoryListView.swift */; };
		506D49B32B3F060500B38868 /* SearchResultListView.swift in Sources */ = {isa = PBXBuildFile; fileRef = 506D49B22B3F060500B38868 /* SearchResultListView.swift */; };
		506D49B52B413EA000B38868 /* EmptySearchResultView.swift in Sources */ = {isa = PBXBuildFile; fileRef = 506D49B42B413EA000B38868 /* EmptySearchResultView.swift */; };
		506D49B92B41617300B38868 /* SearchResultItemCell.swift in Sources */ = {isa = PBXBuildFile; fileRef = 506D49B82B41617300B38868 /* SearchResultItemCell.swift */; };
		506D49BC2B4161AF00B38868 /* SearchResultViewModel.swift in Sources */ = {isa = PBXBuildFile; fileRef = 506D49BB2B4161AF00B38868 /* SearchResultViewModel.swift */; };
		506D49BE2B4161E300B38868 /* Models.swift in Sources */ = {isa = PBXBuildFile; fileRef = 506D49BD2B4161E300B38868 /* Models.swift */; };
		506D49C02B41621700B38868 /* EmptySearchViewModel.swift in Sources */ = {isa = PBXBuildFile; fileRef = 506D49BF2B41621700B38868 /* EmptySearchViewModel.swift */; };
		5092DE332B6B373D00F30AD5 /* ErrorCardHandler.swift in Sources */ = {isa = PBXBuildFile; fileRef = 5092DE322B6B373D00F30AD5 /* ErrorCardHandler.swift */; };
		5092DE352B6B3DE200F30AD5 /* Error.swift in Sources */ = {isa = PBXBuildFile; fileRef = 5092DE342B6B3DE200F30AD5 /* Error.swift */; };
		50CA3BCB2B695615009BA3C6 /* ShimmerView.swift in Sources */ = {isa = PBXBuildFile; fileRef = 50CA3BCA2B695615009BA3C6 /* ShimmerView.swift */; };
		50D75E672B4A4BEE007B2605 /* PlacesFeedViewModel.swift in Sources */ = {isa = PBXBuildFile; fileRef = 50D75E662B4A4BEE007B2605 /* PlacesFeedViewModel.swift */; };
/* End PBXBuildFile section */

/* Begin PBXContainerItemProxy section */
		506D49412B32AD2300B38868 /* PBXContainerItemProxy */ = {
			isa = PBXContainerItemProxy;
			containerPortal = 506D49222B32AD2200B38868 /* Project object */;
			proxyType = 1;
			remoteGlobalIDString = 506D49292B32AD2200B38868;
			remoteInfo = "TravellerBuddy-iOS";
		};
		506D494B2B32AD2300B38868 /* PBXContainerItemProxy */ = {
			isa = PBXContainerItemProxy;
			containerPortal = 506D49222B32AD2200B38868 /* Project object */;
			proxyType = 1;
			remoteGlobalIDString = 506D49292B32AD2200B38868;
			remoteInfo = "TravellerBuddy-iOS";
		};
/* End PBXContainerItemProxy section */

/* Begin PBXFileReference section */
		500382952B4644CE00B414D7 /* PlacesFeedViewController.swift */ = {isa = PBXFileReference; lastKnownFileType = sourcecode.swift; path = PlacesFeedViewController.swift; sourceTree = "<group>"; };
		500382972B464C3E00B414D7 /* PlacesFeedCoordinator.swift */ = {isa = PBXFileReference; lastKnownFileType = sourcecode.swift; path = PlacesFeedCoordinator.swift; sourceTree = "<group>"; };
		506D492A2B32AD2200B38868 /* TravellerBuddy-iOS.app */ = {isa = PBXFileReference; explicitFileType = wrapper.application; includeInIndex = 0; path = "TravellerBuddy-iOS.app"; sourceTree = BUILT_PRODUCTS_DIR; };
		506D492D2B32AD2200B38868 /* AppDelegate.swift */ = {isa = PBXFileReference; lastKnownFileType = sourcecode.swift; path = AppDelegate.swift; sourceTree = "<group>"; };
		506D49362B32AD2300B38868 /* Assets.xcassets */ = {isa = PBXFileReference; lastKnownFileType = folder.assetcatalog; path = Assets.xcassets; sourceTree = "<group>"; };
		506D49392B32AD2300B38868 /* Base */ = {isa = PBXFileReference; lastKnownFileType = file.storyboard; name = Base; path = Base.lproj/LaunchScreen.storyboard; sourceTree = "<group>"; };
		506D493B2B32AD2300B38868 /* Info.plist */ = {isa = PBXFileReference; lastKnownFileType = text.plist.xml; path = Info.plist; sourceTree = "<group>"; };
		506D49402B32AD2300B38868 /* TravellerBuddy-iOSTests.xctest */ = {isa = PBXFileReference; explicitFileType = wrapper.cfbundle; includeInIndex = 0; path = "TravellerBuddy-iOSTests.xctest"; sourceTree = BUILT_PRODUCTS_DIR; };
		506D49442B32AD2300B38868 /* TravellerBuddy_iOSTests.swift */ = {isa = PBXFileReference; lastKnownFileType = sourcecode.swift; path = TravellerBuddy_iOSTests.swift; sourceTree = "<group>"; };
		506D494A2B32AD2300B38868 /* TravellerBuddy-iOSUITests.xctest */ = {isa = PBXFileReference; explicitFileType = wrapper.cfbundle; includeInIndex = 0; path = "TravellerBuddy-iOSUITests.xctest"; sourceTree = BUILT_PRODUCTS_DIR; };
		506D494E2B32AD2300B38868 /* TravellerBuddy_iOSUITests.swift */ = {isa = PBXFileReference; lastKnownFileType = sourcecode.swift; path = TravellerBuddy_iOSUITests.swift; sourceTree = "<group>"; };
		506D49502B32AD2300B38868 /* TravellerBuddy_iOSUITestsLaunchTests.swift */ = {isa = PBXFileReference; lastKnownFileType = sourcecode.swift; path = TravellerBuddy_iOSUITestsLaunchTests.swift; sourceTree = "<group>"; };
		506D49622B32AF9700B38868 /* NetworkConfig.swift */ = {isa = PBXFileReference; lastKnownFileType = sourcecode.swift; path = NetworkConfig.swift; sourceTree = "<group>"; };
		506D49642B32B07300B38868 /* DataTransferService.swift */ = {isa = PBXFileReference; lastKnownFileType = sourcecode.swift; path = DataTransferService.swift; sourceTree = "<group>"; };
		506D49662B32C55D00B38868 /* NetworkService.swift */ = {isa = PBXFileReference; lastKnownFileType = sourcecode.swift; path = NetworkService.swift; sourceTree = "<group>"; };
		506D49682B32D71700B38868 /* Endpoint.swift */ = {isa = PBXFileReference; lastKnownFileType = sourcecode.swift; path = Endpoint.swift; sourceTree = "<group>"; };
		506D496A2B32E11200B38868 /* AppConfiguration.swift */ = {isa = PBXFileReference; lastKnownFileType = sourcecode.swift; path = AppConfiguration.swift; sourceTree = "<group>"; };
		506D496C2B32E18500B38868 /* AppDIContainer.swift */ = {isa = PBXFileReference; lastKnownFileType = sourcecode.swift; path = AppDIContainer.swift; sourceTree = "<group>"; };
		506D496E2B34702200B38868 /* NetworkSessionManager.swift */ = {isa = PBXFileReference; lastKnownFileType = sourcecode.swift; path = NetworkSessionManager.swift; sourceTree = "<group>"; };
		506D49702B34704E00B38868 /* ErrorResolver.swift */ = {isa = PBXFileReference; lastKnownFileType = sourcecode.swift; path = ErrorResolver.swift; sourceTree = "<group>"; };
		506D49722B34709400B38868 /* Request+Extension.swift */ = {isa = PBXFileReference; lastKnownFileType = sourcecode.swift; path = "Request+Extension.swift"; sourceTree = "<group>"; };
		506D49752B34716400B38868 /* DefaultTouristsRepository.swift */ = {isa = PBXFileReference; lastKnownFileType = sourcecode.swift; path = DefaultTouristsRepository.swift; sourceTree = "<group>"; };
		506D49772B34718600B38868 /* TouristsRepository.swift */ = {isa = PBXFileReference; lastKnownFileType = sourcecode.swift; path = TouristsRepository.swift; sourceTree = "<group>"; };
		506D49792B34733B00B38868 /* Cancellable.swift */ = {isa = PBXFileReference; lastKnownFileType = sourcecode.swift; path = Cancellable.swift; sourceTree = "<group>"; };
		506D497E2B347AB300B38868 /* TouristListViewModel.swift */ = {isa = PBXFileReference; lastKnownFileType = sourcecode.swift; path = TouristListViewModel.swift; sourceTree = "<group>"; };
		506D49812B347CFC00B38868 /* APIEndpoints.swift */ = {isa = PBXFileReference; lastKnownFileType = sourcecode.swift; path = APIEndpoints.swift; sourceTree = "<group>"; };
		506D49842B347D4F00B38868 /* TouristListApiModel.swift */ = {isa = PBXFileReference; lastKnownFileType = sourcecode.swift; path = TouristListApiModel.swift; sourceTree = "<group>"; };
		506D49872B34800100B38868 /* Constant.swift */ = {isa = PBXFileReference; lastKnownFileType = sourcecode.swift; path = Constant.swift; sourceTree = "<group>"; };
		506D49892B34808A00B38868 /* TouristsRequestModel.swift */ = {isa = PBXFileReference; lastKnownFileType = sourcecode.swift; path = TouristsRequestModel.swift; sourceTree = "<group>"; };
		506D498C2B34821D00B38868 /* TouristListApiModel+Mapping.swift */ = {isa = PBXFileReference; lastKnownFileType = sourcecode.swift; path = "TouristListApiModel+Mapping.swift"; sourceTree = "<group>"; };
		506D49912B3490A200B38868 /* HomeViewController.swift */ = {isa = PBXFileReference; lastKnownFileType = sourcecode.swift; path = HomeViewController.swift; sourceTree = "<group>"; };
		506D49942B34916F00B38868 /* UIViewExtensions.swift */ = {isa = PBXFileReference; lastKnownFileType = sourcecode.swift; path = UIViewExtensions.swift; sourceTree = "<group>"; };
		506D49992B3525A800B38868 /* RootCoordinator.swift */ = {isa = PBXFileReference; lastKnownFileType = sourcecode.swift; path = RootCoordinator.swift; sourceTree = "<group>"; };
		506D499B2B353D0500B38868 /* PlacesListView.swift */ = {isa = PBXFileReference; lastKnownFileType = sourcecode.swift; path = PlacesListView.swift; sourceTree = "<group>"; };
		506D499D2B35404800B38868 /* PlacesListCell.swift */ = {isa = PBXFileReference; lastKnownFileType = sourcecode.swift; path = PlacesListCell.swift; sourceTree = "<group>"; };
		506D49A02B35732800B38868 /* HomeViewModel.swift */ = {isa = PBXFileReference; lastKnownFileType = sourcecode.swift; path = HomeViewModel.swift; sourceTree = "<group>"; };
		506D49A62B367C3900B38868 /* ImageDownloader.swift */ = {isa = PBXFileReference; lastKnownFileType = sourcecode.swift; path = ImageDownloader.swift; sourceTree = "<group>"; };
		506D49A82B368AFA00B38868 /* UIImageViewExtensions.swift */ = {isa = PBXFileReference; lastKnownFileType = sourcecode.swift; path = UIImageViewExtensions.swift; sourceTree = "<group>"; };
		506D49AA2B36B53600B38868 /* PlacesSectionHeaderView.swift */ = {isa = PBXFileReference; lastKnownFileType = sourcecode.swift; path = PlacesSectionHeaderView.swift; sourceTree = "<group>"; };
		506D49AC2B37148E00B38868 /* CategoryListView.swift */ = {isa = PBXFileReference; lastKnownFileType = sourcecode.swift; path = CategoryListView.swift; sourceTree = "<group>"; };
		506D49B22B3F060500B38868 /* SearchResultListView.swift */ = {isa = PBXFileReference; lastKnownFileType = sourcecode.swift; path = SearchResultListView.swift; sourceTree = "<group>"; };
		506D49B42B413EA000B38868 /* EmptySearchResultView.swift */ = {isa = PBXFileReference; lastKnownFileType = sourcecode.swift; path = EmptySearchResultView.swift; sourceTree = "<group>"; };
		506D49B82B41617300B38868 /* SearchResultItemCell.swift */ = {isa = PBXFileReference; lastKnownFileType = sourcecode.swift; path = SearchResultItemCell.swift; sourceTree = "<group>"; };
		506D49BB2B4161AF00B38868 /* SearchResultViewModel.swift */ = {isa = PBXFileReference; lastKnownFileType = sourcecode.swift; path = SearchResultViewModel.swift; sourceTree = "<group>"; };
		506D49BD2B4161E300B38868 /* Models.swift */ = {isa = PBXFileReference; lastKnownFileType = sourcecode.swift; path = Models.swift; sourceTree = "<group>"; };
		506D49BF2B41621700B38868 /* EmptySearchViewModel.swift */ = {isa = PBXFileReference; lastKnownFileType = sourcecode.swift; path = EmptySearchViewModel.swift; sourceTree = "<group>"; };
		5092DE322B6B373D00F30AD5 /* ErrorCardHandler.swift */ = {isa = PBXFileReference; lastKnownFileType = sourcecode.swift; path = ErrorCardHandler.swift; sourceTree = "<group>"; };
		5092DE342B6B3DE200F30AD5 /* Error.swift */ = {isa = PBXFileReference; lastKnownFileType = sourcecode.swift; path = Error.swift; sourceTree = "<group>"; };
		50CA3BCA2B695615009BA3C6 /* ShimmerView.swift */ = {isa = PBXFileReference; lastKnownFileType = sourcecode.swift; path = ShimmerView.swift; sourceTree = "<group>"; };
		50D75E662B4A4BEE007B2605 /* PlacesFeedViewModel.swift */ = {isa = PBXFileReference; lastKnownFileType = sourcecode.swift; path = PlacesFeedViewModel.swift; sourceTree = "<group>"; };
/* End PBXFileReference section */

/* Begin PBXFrameworksBuildPhase section */
		506D49272B32AD2200B38868 /* Frameworks */ = {
			isa = PBXFrameworksBuildPhase;
			buildActionMask = 2147483647;
			files = (
			);
			runOnlyForDeploymentPostprocessing = 0;
		};
		506D493D2B32AD2300B38868 /* Frameworks */ = {
			isa = PBXFrameworksBuildPhase;
			buildActionMask = 2147483647;
			files = (
			);
			runOnlyForDeploymentPostprocessing = 0;
		};
		506D49472B32AD2300B38868 /* Frameworks */ = {
			isa = PBXFrameworksBuildPhase;
			buildActionMask = 2147483647;
			files = (
			);
			runOnlyForDeploymentPostprocessing = 0;
		};
/* End PBXFrameworksBuildPhase section */

/* Begin PBXGroup section */
		500382912B46447F00B414D7 /* PlacesFeed */ = {
			isa = PBXGroup;
			children = (
				500382942B4644B700B414D7 /* Domain */,
				500382932B4644B200B414D7 /* Data */,
				500382922B4644AA00B414D7 /* Presentation */,
			);
			path = PlacesFeed;
			sourceTree = "<group>";
		};
		500382922B4644AA00B414D7 /* Presentation */ = {
			isa = PBXGroup;
			children = (
				50D75E652B4A4BDE007B2605 /* ViewModels */,
				500382952B4644CE00B414D7 /* PlacesFeedViewController.swift */,
			);
			path = Presentation;
			sourceTree = "<group>";
		};
		500382932B4644B200B414D7 /* Data */ = {
			isa = PBXGroup;
			children = (
			);
			path = Data;
			sourceTree = "<group>";
		};
		500382942B4644B700B414D7 /* Domain */ = {
			isa = PBXGroup;
			children = (
			);
			path = Domain;
			sourceTree = "<group>";
		};
		506D49212B32AD2200B38868 = {
			isa = PBXGroup;
			children = (
				506D492C2B32AD2200B38868 /* TravellerBuddy-iOS */,
				506D49432B32AD2300B38868 /* TravellerBuddy-iOSTests */,
				506D494D2B32AD2300B38868 /* TravellerBuddy-iOSUITests */,
				506D492B2B32AD2200B38868 /* Products */,
			);
			sourceTree = "<group>";
		};
		506D492B2B32AD2200B38868 /* Products */ = {
			isa = PBXGroup;
			children = (
				506D492A2B32AD2200B38868 /* TravellerBuddy-iOS.app */,
				506D49402B32AD2300B38868 /* TravellerBuddy-iOSTests.xctest */,
				506D494A2B32AD2300B38868 /* TravellerBuddy-iOSUITests.xctest */,
			);
			name = Products;
			sourceTree = "<group>";
		};
		506D492C2B32AD2200B38868 /* TravellerBuddy-iOS */ = {
			isa = PBXGroup;
			children = (
				506D49AE2B3F05A600B38868 /* Features */,
				506D49962B35258000B38868 /* Coordinators */,
				506D49612B32AD7C00B38868 /* Common */,
				506D49602B32AD6A00B38868 /* Infrastructure */,
				506D495D2B32AD4100B38868 /* Application */,
				506D492D2B32AD2200B38868 /* AppDelegate.swift */,
				506D49362B32AD2300B38868 /* Assets.xcassets */,
				506D49382B32AD2300B38868 /* LaunchScreen.storyboard */,
				506D493B2B32AD2300B38868 /* Info.plist */,
			);
			path = "TravellerBuddy-iOS";
			sourceTree = "<group>";
		};
		506D49432B32AD2300B38868 /* TravellerBuddy-iOSTests */ = {
			isa = PBXGroup;
			children = (
				506D49442B32AD2300B38868 /* TravellerBuddy_iOSTests.swift */,
			);
			path = "TravellerBuddy-iOSTests";
			sourceTree = "<group>";
		};
		506D494D2B32AD2300B38868 /* TravellerBuddy-iOSUITests */ = {
			isa = PBXGroup;
			children = (
				506D494E2B32AD2300B38868 /* TravellerBuddy_iOSUITests.swift */,
				506D49502B32AD2300B38868 /* TravellerBuddy_iOSUITestsLaunchTests.swift */,
			);
			path = "TravellerBuddy-iOSUITests";
			sourceTree = "<group>";
		};
		506D495D2B32AD4100B38868 /* Application */ = {
			isa = PBXGroup;
			children = (
				506D496A2B32E11200B38868 /* AppConfiguration.swift */,
				506D496C2B32E18500B38868 /* AppDIContainer.swift */,
			);
			path = Application;
			sourceTree = "<group>";
		};
		506D495E2B32AD4D00B38868 /* Presentation */ = {
			isa = PBXGroup;
			children = (
				506D499F2B35730800B38868 /* ViewModels */,
				506D49902B34909000B38868 /* Views */,
			);
			path = Presentation;
			sourceTree = "<group>";
		};
		506D495F2B32AD6000B38868 /* Domain */ = {
			isa = PBXGroup;
			children = (
				506D497D2B347AA400B38868 /* Models */,
				506D497B2B34740B00B38868 /* Repositories */,
			);
			path = Domain;
			sourceTree = "<group>";
		};
		506D49602B32AD6A00B38868 /* Infrastructure */ = {
			isa = PBXGroup;
			children = (
				506D49622B32AF9700B38868 /* NetworkConfig.swift */,
				506D49642B32B07300B38868 /* DataTransferService.swift */,
				506D49722B34709400B38868 /* Request+Extension.swift */,
				506D49702B34704E00B38868 /* ErrorResolver.swift */,
				506D49682B32D71700B38868 /* Endpoint.swift */,
				506D49662B32C55D00B38868 /* NetworkService.swift */,
				506D496E2B34702200B38868 /* NetworkSessionManager.swift */,
			);
			path = Infrastructure;
			sourceTree = "<group>";
		};
		506D49612B32AD7C00B38868 /* Common */ = {
			isa = PBXGroup;
			children = (
				5092DE312B6B373300F30AD5 /* Toast */,
				50CA3BC92B69560C009BA3C6 /* Shimmer */,
				506D49932B34915C00B38868 /* Extensions */,
				506D49792B34733B00B38868 /* Cancellable.swift */,
				506D49872B34800100B38868 /* Constant.swift */,
				506D49A62B367C3900B38868 /* ImageDownloader.swift */,
			);
			path = Common;
			sourceTree = "<group>";
		};
		506D49742B34713F00B38868 /* Data */ = {
			isa = PBXGroup;
			children = (
				506D498B2B3481EB00B38868 /* DataMapping */,
				506D49832B347D3300B38868 /* ApiModels */,
				506D49802B347CE800B38868 /* Network */,
				506D497C2B34743A00B38868 /* Repositories */,
			);
			path = Data;
			sourceTree = "<group>";
		};
		506D497B2B34740B00B38868 /* Repositories */ = {
			isa = PBXGroup;
			children = (
				506D49772B34718600B38868 /* TouristsRepository.swift */,
			);
			path = Repositories;
			sourceTree = "<group>";
		};
		506D497C2B34743A00B38868 /* Repositories */ = {
			isa = PBXGroup;
			children = (
				506D49752B34716400B38868 /* DefaultTouristsRepository.swift */,
			);
			path = Repositories;
			sourceTree = "<group>";
		};
		506D497D2B347AA400B38868 /* Models */ = {
			isa = PBXGroup;
			children = (
				506D497E2B347AB300B38868 /* TouristListViewModel.swift */,
			);
			path = Models;
			sourceTree = "<group>";
		};
		506D49802B347CE800B38868 /* Network */ = {
			isa = PBXGroup;
			children = (
				506D49812B347CFC00B38868 /* APIEndpoints.swift */,
			);
			path = Network;
			sourceTree = "<group>";
		};
		506D49832B347D3300B38868 /* ApiModels */ = {
			isa = PBXGroup;
			children = (
				506D49842B347D4F00B38868 /* TouristListApiModel.swift */,
				506D49892B34808A00B38868 /* TouristsRequestModel.swift */,
			);
			path = ApiModels;
			sourceTree = "<group>";
		};
		506D498B2B3481EB00B38868 /* DataMapping */ = {
			isa = PBXGroup;
			children = (
				506D498C2B34821D00B38868 /* TouristListApiModel+Mapping.swift */,
			);
			path = DataMapping;
			sourceTree = "<group>";
		};
		506D49902B34909000B38868 /* Views */ = {
			isa = PBXGroup;
			children = (
				506D49912B3490A200B38868 /* HomeViewController.swift */,
				506D499B2B353D0500B38868 /* PlacesListView.swift */,
				506D49AC2B37148E00B38868 /* CategoryListView.swift */,
				506D49AA2B36B53600B38868 /* PlacesSectionHeaderView.swift */,
				506D499D2B35404800B38868 /* PlacesListCell.swift */,
			);
			path = Views;
			sourceTree = "<group>";
		};
		506D49932B34915C00B38868 /* Extensions */ = {
			isa = PBXGroup;
			children = (
				506D49942B34916F00B38868 /* UIViewExtensions.swift */,
				506D49A82B368AFA00B38868 /* UIImageViewExtensions.swift */,
				5092DE342B6B3DE200F30AD5 /* Error.swift */,
			);
			path = Extensions;
			sourceTree = "<group>";
		};
		506D49962B35258000B38868 /* Coordinators */ = {
			isa = PBXGroup;
			children = (
				506D49992B3525A800B38868 /* RootCoordinator.swift */,
				500382972B464C3E00B414D7 /* PlacesFeedCoordinator.swift */,
			);
			path = Coordinators;
			sourceTree = "<group>";
		};
		506D499F2B35730800B38868 /* ViewModels */ = {
			isa = PBXGroup;
			children = (
				506D49A02B35732800B38868 /* HomeViewModel.swift */,
			);
			path = ViewModels;
			sourceTree = "<group>";
		};
		506D49AE2B3F05A600B38868 /* Features */ = {
			isa = PBXGroup;
			children = (
				500382912B46447F00B414D7 /* PlacesFeed */,
				506D49C12B4162A900B38868 /* Home */,
				506D49B72B41612000B38868 /* Search */,
			);
			path = Features;
			sourceTree = "<group>";
		};
		506D49AF2B3F05B200B38868 /* Data */ = {
			isa = PBXGroup;
			children = (
			);
			path = Data;
			sourceTree = "<group>";
		};
		506D49B02B3F05B800B38868 /* Domain */ = {
			isa = PBXGroup;
			children = (
				506D49BD2B4161E300B38868 /* Models.swift */,
			);
			path = Domain;
			sourceTree = "<group>";
		};
		506D49B12B3F05C000B38868 /* Presentation */ = {
			isa = PBXGroup;
			children = (
				50935D492B416467002048DB /* Views */,
				506D49BA2B4161A200B38868 /* ViewModel */,
			);
			path = Presentation;
			sourceTree = "<group>";
		};
		506D49B72B41612000B38868 /* Search */ = {
			isa = PBXGroup;
			children = (
				506D49B12B3F05C000B38868 /* Presentation */,
				506D49B02B3F05B800B38868 /* Domain */,
				506D49AF2B3F05B200B38868 /* Data */,
			);
			path = Search;
			sourceTree = "<group>";
		};
		506D49BA2B4161A200B38868 /* ViewModel */ = {
			isa = PBXGroup;
			children = (
				506D49BB2B4161AF00B38868 /* SearchResultViewModel.swift */,
				506D49BF2B41621700B38868 /* EmptySearchViewModel.swift */,
			);
			path = ViewModel;
			sourceTree = "<group>";
		};
		506D49C12B4162A900B38868 /* Home */ = {
			isa = PBXGroup;
			children = (
				506D495E2B32AD4D00B38868 /* Presentation */,
				506D49742B34713F00B38868 /* Data */,
				506D495F2B32AD6000B38868 /* Domain */,
			);
			path = Home;
			sourceTree = "<group>";
		};
		5092DE312B6B373300F30AD5 /* Toast */ = {
			isa = PBXGroup;
			children = (
				5092DE322B6B373D00F30AD5 /* ErrorCardHandler.swift */,
			);
			path = Toast;
			sourceTree = "<group>";
		};
		50935D492B416467002048DB /* Views */ = {
			isa = PBXGroup;
			children = (
				506D49B22B3F060500B38868 /* SearchResultListView.swift */,
				506D49B82B41617300B38868 /* SearchResultItemCell.swift */,
				506D49B42B413EA000B38868 /* EmptySearchResultView.swift */,
			);
			path = Views;
			sourceTree = "<group>";
		};
		50CA3BC92B69560C009BA3C6 /* Shimmer */ = {
			isa = PBXGroup;
			children = (
				50CA3BCA2B695615009BA3C6 /* ShimmerView.swift */,
			);
			path = Shimmer;
			sourceTree = "<group>";
		};
		50D75E652B4A4BDE007B2605 /* ViewModels */ = {
			isa = PBXGroup;
			children = (
				50D75E662B4A4BEE007B2605 /* PlacesFeedViewModel.swift */,
			);
			path = ViewModels;
			sourceTree = "<group>";
		};
/* End PBXGroup section */

/* Begin PBXNativeTarget section */
		506D49292B32AD2200B38868 /* TravellerBuddy-iOS */ = {
			isa = PBXNativeTarget;
			buildConfigurationList = 506D49542B32AD2300B38868 /* Build configuration list for PBXNativeTarget "TravellerBuddy-iOS" */;
			buildPhases = (
				506D49262B32AD2200B38868 /* Sources */,
				506D49272B32AD2200B38868 /* Frameworks */,
				506D49282B32AD2200B38868 /* Resources */,
			);
			buildRules = (
			);
			dependencies = (
			);
			name = "TravellerBuddy-iOS";
			productName = "TravellerBuddy-iOS";
			productReference = 506D492A2B32AD2200B38868 /* TravellerBuddy-iOS.app */;
			productType = "com.apple.product-type.application";
		};
		506D493F2B32AD2300B38868 /* TravellerBuddy-iOSTests */ = {
			isa = PBXNativeTarget;
			buildConfigurationList = 506D49572B32AD2300B38868 /* Build configuration list for PBXNativeTarget "TravellerBuddy-iOSTests" */;
			buildPhases = (
				506D493C2B32AD2300B38868 /* Sources */,
				506D493D2B32AD2300B38868 /* Frameworks */,
				506D493E2B32AD2300B38868 /* Resources */,
			);
			buildRules = (
			);
			dependencies = (
				506D49422B32AD2300B38868 /* PBXTargetDependency */,
			);
			name = "TravellerBuddy-iOSTests";
			productName = "TravellerBuddy-iOSTests";
			productReference = 506D49402B32AD2300B38868 /* TravellerBuddy-iOSTests.xctest */;
			productType = "com.apple.product-type.bundle.unit-test";
		};
		506D49492B32AD2300B38868 /* TravellerBuddy-iOSUITests */ = {
			isa = PBXNativeTarget;
			buildConfigurationList = 506D495A2B32AD2300B38868 /* Build configuration list for PBXNativeTarget "TravellerBuddy-iOSUITests" */;
			buildPhases = (
				506D49462B32AD2300B38868 /* Sources */,
				506D49472B32AD2300B38868 /* Frameworks */,
				506D49482B32AD2300B38868 /* Resources */,
			);
			buildRules = (
			);
			dependencies = (
				506D494C2B32AD2300B38868 /* PBXTargetDependency */,
			);
			name = "TravellerBuddy-iOSUITests";
			productName = "TravellerBuddy-iOSUITests";
			productReference = 506D494A2B32AD2300B38868 /* TravellerBuddy-iOSUITests.xctest */;
			productType = "com.apple.product-type.bundle.ui-testing";
		};
/* End PBXNativeTarget section */

/* Begin PBXProject section */
		506D49222B32AD2200B38868 /* Project object */ = {
			isa = PBXProject;
			attributes = {
				BuildIndependentTargetsInParallel = 1;
				LastSwiftUpdateCheck = 1430;
				LastUpgradeCheck = 1430;
				TargetAttributes = {
					506D49292B32AD2200B38868 = {
						CreatedOnToolsVersion = 14.3;
					};
					506D493F2B32AD2300B38868 = {
						CreatedOnToolsVersion = 14.3;
						TestTargetID = 506D49292B32AD2200B38868;
					};
					506D49492B32AD2300B38868 = {
						CreatedOnToolsVersion = 14.3;
						TestTargetID = 506D49292B32AD2200B38868;
					};
				};
			};
			buildConfigurationList = 506D49252B32AD2200B38868 /* Build configuration list for PBXProject "TravellerBuddy-iOS" */;
			compatibilityVersion = "Xcode 14.0";
			developmentRegion = en;
			hasScannedForEncodings = 0;
			knownRegions = (
				en,
				Base,
			);
			mainGroup = 506D49212B32AD2200B38868;
			productRefGroup = 506D492B2B32AD2200B38868 /* Products */;
			projectDirPath = "";
			projectRoot = "";
			targets = (
				506D49292B32AD2200B38868 /* TravellerBuddy-iOS */,
				506D493F2B32AD2300B38868 /* TravellerBuddy-iOSTests */,
				506D49492B32AD2300B38868 /* TravellerBuddy-iOSUITests */,
			);
		};
/* End PBXProject section */

/* Begin PBXResourcesBuildPhase section */
		506D49282B32AD2200B38868 /* Resources */ = {
			isa = PBXResourcesBuildPhase;
			buildActionMask = 2147483647;
			files = (
				506D493A2B32AD2300B38868 /* LaunchScreen.storyboard in Resources */,
				506D49372B32AD2300B38868 /* Assets.xcassets in Resources */,
			);
			runOnlyForDeploymentPostprocessing = 0;
		};
		506D493E2B32AD2300B38868 /* Resources */ = {
			isa = PBXResourcesBuildPhase;
			buildActionMask = 2147483647;
			files = (
			);
			runOnlyForDeploymentPostprocessing = 0;
		};
		506D49482B32AD2300B38868 /* Resources */ = {
			isa = PBXResourcesBuildPhase;
			buildActionMask = 2147483647;
			files = (
			);
			runOnlyForDeploymentPostprocessing = 0;
		};
/* End PBXResourcesBuildPhase section */

/* Begin PBXSourcesBuildPhase section */
		506D49262B32AD2200B38868 /* Sources */ = {
			isa = PBXSourcesBuildPhase;
			buildActionMask = 2147483647;
			files = (
				500382982B464C3E00B414D7 /* PlacesFeedCoordinator.swift in Sources */,
				506D497A2B34733B00B38868 /* Cancellable.swift in Sources */,
				506D49BE2B4161E300B38868 /* Models.swift in Sources */,
				506D49BC2B4161AF00B38868 /* SearchResultViewModel.swift in Sources */,
				506D49692B32D71700B38868 /* Endpoint.swift in Sources */,
				506D49A72B367C3900B38868 /* ImageDownloader.swift in Sources */,
				506D499E2B35404800B38868 /* PlacesListCell.swift in Sources */,
				506D49A12B35732800B38868 /* HomeViewModel.swift in Sources */,
				50D75E672B4A4BEE007B2605 /* PlacesFeedViewModel.swift in Sources */,
				506D49AB2B36B53600B38868 /* PlacesSectionHeaderView.swift in Sources */,
				506D49732B34709400B38868 /* Request+Extension.swift in Sources */,
				506D499A2B3525A800B38868 /* RootCoordinator.swift in Sources */,
				5092DE352B6B3DE200F30AD5 /* Error.swift in Sources */,
				506D49952B34916F00B38868 /* UIViewExtensions.swift in Sources */,
				506D49762B34716400B38868 /* DefaultTouristsRepository.swift in Sources */,
				506D49822B347CFC00B38868 /* APIEndpoints.swift in Sources */,
				50CA3BCB2B695615009BA3C6 /* ShimmerView.swift in Sources */,
				506D496B2B32E11200B38868 /* AppConfiguration.swift in Sources */,
				5092DE332B6B373D00F30AD5 /* ErrorCardHandler.swift in Sources */,
				506D49922B3490A200B38868 /* HomeViewController.swift in Sources */,
				506D492E2B32AD2200B38868 /* AppDelegate.swift in Sources */,
				506D49A92B368AFA00B38868 /* UIImageViewExtensions.swift in Sources */,
				506D49B32B3F060500B38868 /* SearchResultListView.swift in Sources */,
				506D49882B34800100B38868 /* Constant.swift in Sources */,
				506D497F2B347AB300B38868 /* TouristListViewModel.swift in Sources */,
				506D49B52B413EA000B38868 /* EmptySearchResultView.swift in Sources */,
				506D49632B32AF9700B38868 /* NetworkConfig.swift in Sources */,
				506D498A2B34808A00B38868 /* TouristsRequestModel.swift in Sources */,
				506D498D2B34821D00B38868 /* TouristListApiModel+Mapping.swift in Sources */,
				506D49782B34718600B38868 /* TouristsRepository.swift in Sources */,
				506D49672B32C55D00B38868 /* NetworkService.swift in Sources */,
				506D49852B347D4F00B38868 /* TouristListApiModel.swift in Sources */,
				506D49B92B41617300B38868 /* SearchResultItemCell.swift in Sources */,
				500382962B4644CE00B414D7 /* PlacesFeedViewController.swift in Sources */,
				506D49C02B41621700B38868 /* EmptySearchViewModel.swift in Sources */,
				506D496F2B34702200B38868 /* NetworkSessionManager.swift in Sources */,
				506D49652B32B07300B38868 /* DataTransferService.swift in Sources */,
				506D49AD2B37148E00B38868 /* CategoryListView.swift in Sources */,
				506D496D2B32E18500B38868 /* AppDIContainer.swift in Sources */,
				506D499C2B353D0500B38868 /* PlacesListView.swift in Sources */,
				506D49712B34704E00B38868 /* ErrorResolver.swift in Sources */,
			);
			runOnlyForDeploymentPostprocessing = 0;
		};
		506D493C2B32AD2300B38868 /* Sources */ = {
			isa = PBXSourcesBuildPhase;
			buildActionMask = 2147483647;
			files = (
				506D49452B32AD2300B38868 /* TravellerBuddy_iOSTests.swift in Sources */,
			);
			runOnlyForDeploymentPostprocessing = 0;
		};
		506D49462B32AD2300B38868 /* Sources */ = {
			isa = PBXSourcesBuildPhase;
			buildActionMask = 2147483647;
			files = (
				506D494F2B32AD2300B38868 /* TravellerBuddy_iOSUITests.swift in Sources */,
				506D49512B32AD2300B38868 /* TravellerBuddy_iOSUITestsLaunchTests.swift in Sources */,
			);
			runOnlyForDeploymentPostprocessing = 0;
		};
/* End PBXSourcesBuildPhase section */

/* Begin PBXTargetDependency section */
		506D49422B32AD2300B38868 /* PBXTargetDependency */ = {
			isa = PBXTargetDependency;
			target = 506D49292B32AD2200B38868 /* TravellerBuddy-iOS */;
			targetProxy = 506D49412B32AD2300B38868 /* PBXContainerItemProxy */;
		};
		506D494C2B32AD2300B38868 /* PBXTargetDependency */ = {
			isa = PBXTargetDependency;
			target = 506D49292B32AD2200B38868 /* TravellerBuddy-iOS */;
			targetProxy = 506D494B2B32AD2300B38868 /* PBXContainerItemProxy */;
		};
/* End PBXTargetDependency section */

/* Begin PBXVariantGroup section */
		506D49382B32AD2300B38868 /* LaunchScreen.storyboard */ = {
			isa = PBXVariantGroup;
			children = (
				506D49392B32AD2300B38868 /* Base */,
			);
			name = LaunchScreen.storyboard;
			sourceTree = "<group>";
		};
/* End PBXVariantGroup section */

/* Begin XCBuildConfiguration section */
		506D49522B32AD2300B38868 /* Debug */ = {
			isa = XCBuildConfiguration;
			buildSettings = {
				ALWAYS_SEARCH_USER_PATHS = NO;
				CLANG_ANALYZER_NONNULL = YES;
				CLANG_ANALYZER_NUMBER_OBJECT_CONVERSION = YES_AGGRESSIVE;
				CLANG_CXX_LANGUAGE_STANDARD = "gnu++20";
				CLANG_ENABLE_MODULES = YES;
				CLANG_ENABLE_OBJC_ARC = YES;
				CLANG_ENABLE_OBJC_WEAK = YES;
				CLANG_WARN_BLOCK_CAPTURE_AUTORELEASING = YES;
				CLANG_WARN_BOOL_CONVERSION = YES;
				CLANG_WARN_COMMA = YES;
				CLANG_WARN_CONSTANT_CONVERSION = YES;
				CLANG_WARN_DEPRECATED_OBJC_IMPLEMENTATIONS = YES;
				CLANG_WARN_DIRECT_OBJC_ISA_USAGE = YES_ERROR;
				CLANG_WARN_DOCUMENTATION_COMMENTS = YES;
				CLANG_WARN_EMPTY_BODY = YES;
				CLANG_WARN_ENUM_CONVERSION = YES;
				CLANG_WARN_INFINITE_RECURSION = YES;
				CLANG_WARN_INT_CONVERSION = YES;
				CLANG_WARN_NON_LITERAL_NULL_CONVERSION = YES;
				CLANG_WARN_OBJC_IMPLICIT_RETAIN_SELF = YES;
				CLANG_WARN_OBJC_LITERAL_CONVERSION = YES;
				CLANG_WARN_OBJC_ROOT_CLASS = YES_ERROR;
				CLANG_WARN_QUOTED_INCLUDE_IN_FRAMEWORK_HEADER = YES;
				CLANG_WARN_RANGE_LOOP_ANALYSIS = YES;
				CLANG_WARN_STRICT_PROTOTYPES = YES;
				CLANG_WARN_SUSPICIOUS_MOVE = YES;
				CLANG_WARN_UNGUARDED_AVAILABILITY = YES_AGGRESSIVE;
				CLANG_WARN_UNREACHABLE_CODE = YES;
				CLANG_WARN__DUPLICATE_METHOD_MATCH = YES;
				COPY_PHASE_STRIP = NO;
				DEBUG_INFORMATION_FORMAT = dwarf;
				ENABLE_STRICT_OBJC_MSGSEND = YES;
				ENABLE_TESTABILITY = YES;
				GCC_C_LANGUAGE_STANDARD = gnu11;
				GCC_DYNAMIC_NO_PIC = NO;
				GCC_NO_COMMON_BLOCKS = YES;
				GCC_OPTIMIZATION_LEVEL = 0;
				GCC_PREPROCESSOR_DEFINITIONS = (
					"DEBUG=1",
					"$(inherited)",
				);
				GCC_WARN_64_TO_32_BIT_CONVERSION = YES;
				GCC_WARN_ABOUT_RETURN_TYPE = YES_ERROR;
				GCC_WARN_UNDECLARED_SELECTOR = YES;
				GCC_WARN_UNINITIALIZED_AUTOS = YES_AGGRESSIVE;
				GCC_WARN_UNUSED_FUNCTION = YES;
				GCC_WARN_UNUSED_VARIABLE = YES;
				IPHONEOS_DEPLOYMENT_TARGET = 16.4;
				MTL_ENABLE_DEBUG_INFO = INCLUDE_SOURCE;
				MTL_FAST_MATH = YES;
				ONLY_ACTIVE_ARCH = YES;
				SDKROOT = iphoneos;
				SWIFT_ACTIVE_COMPILATION_CONDITIONS = DEBUG;
				SWIFT_OPTIMIZATION_LEVEL = "-Onone";
			};
			name = Debug;
		};
		506D49532B32AD2300B38868 /* Release */ = {
			isa = XCBuildConfiguration;
			buildSettings = {
				ALWAYS_SEARCH_USER_PATHS = NO;
				CLANG_ANALYZER_NONNULL = YES;
				CLANG_ANALYZER_NUMBER_OBJECT_CONVERSION = YES_AGGRESSIVE;
				CLANG_CXX_LANGUAGE_STANDARD = "gnu++20";
				CLANG_ENABLE_MODULES = YES;
				CLANG_ENABLE_OBJC_ARC = YES;
				CLANG_ENABLE_OBJC_WEAK = YES;
				CLANG_WARN_BLOCK_CAPTURE_AUTORELEASING = YES;
				CLANG_WARN_BOOL_CONVERSION = YES;
				CLANG_WARN_COMMA = YES;
				CLANG_WARN_CONSTANT_CONVERSION = YES;
				CLANG_WARN_DEPRECATED_OBJC_IMPLEMENTATIONS = YES;
				CLANG_WARN_DIRECT_OBJC_ISA_USAGE = YES_ERROR;
				CLANG_WARN_DOCUMENTATION_COMMENTS = YES;
				CLANG_WARN_EMPTY_BODY = YES;
				CLANG_WARN_ENUM_CONVERSION = YES;
				CLANG_WARN_INFINITE_RECURSION = YES;
				CLANG_WARN_INT_CONVERSION = YES;
				CLANG_WARN_NON_LITERAL_NULL_CONVERSION = YES;
				CLANG_WARN_OBJC_IMPLICIT_RETAIN_SELF = YES;
				CLANG_WARN_OBJC_LITERAL_CONVERSION = YES;
				CLANG_WARN_OBJC_ROOT_CLASS = YES_ERROR;
				CLANG_WARN_QUOTED_INCLUDE_IN_FRAMEWORK_HEADER = YES;
				CLANG_WARN_RANGE_LOOP_ANALYSIS = YES;
				CLANG_WARN_STRICT_PROTOTYPES = YES;
				CLANG_WARN_SUSPICIOUS_MOVE = YES;
				CLANG_WARN_UNGUARDED_AVAILABILITY = YES_AGGRESSIVE;
				CLANG_WARN_UNREACHABLE_CODE = YES;
				CLANG_WARN__DUPLICATE_METHOD_MATCH = YES;
				COPY_PHASE_STRIP = NO;
				DEBUG_INFORMATION_FORMAT = "dwarf-with-dsym";
				ENABLE_NS_ASSERTIONS = NO;
				ENABLE_STRICT_OBJC_MSGSEND = YES;
				GCC_C_LANGUAGE_STANDARD = gnu11;
				GCC_NO_COMMON_BLOCKS = YES;
				GCC_WARN_64_TO_32_BIT_CONVERSION = YES;
				GCC_WARN_ABOUT_RETURN_TYPE = YES_ERROR;
				GCC_WARN_UNDECLARED_SELECTOR = YES;
				GCC_WARN_UNINITIALIZED_AUTOS = YES_AGGRESSIVE;
				GCC_WARN_UNUSED_FUNCTION = YES;
				GCC_WARN_UNUSED_VARIABLE = YES;
				IPHONEOS_DEPLOYMENT_TARGET = 16.4;
				MTL_ENABLE_DEBUG_INFO = NO;
				MTL_FAST_MATH = YES;
				SDKROOT = iphoneos;
				SWIFT_COMPILATION_MODE = wholemodule;
				SWIFT_OPTIMIZATION_LEVEL = "-O";
				VALIDATE_PRODUCT = YES;
			};
			name = Release;
		};
		506D49552B32AD2300B38868 /* Debug */ = {
			isa = XCBuildConfiguration;
			buildSettings = {
				ASSETCATALOG_COMPILER_APPICON_NAME = AppIcon;
				ASSETCATALOG_COMPILER_GLOBAL_ACCENT_COLOR_NAME = AccentColor;
				CODE_SIGN_STYLE = Automatic;
				CURRENT_PROJECT_VERSION = 1;
				GENERATE_INFOPLIST_FILE = YES;
				INFOPLIST_FILE = "TravellerBuddy-iOS/Info.plist";
				INFOPLIST_KEY_UIApplicationSupportsIndirectInputEvents = YES;
				INFOPLIST_KEY_UILaunchStoryboardName = LaunchScreen;
				INFOPLIST_KEY_UISupportedInterfaceOrientations_iPad = "UIInterfaceOrientationPortrait UIInterfaceOrientationPortraitUpsideDown UIInterfaceOrientationLandscapeLeft UIInterfaceOrientationLandscapeRight";
				INFOPLIST_KEY_UISupportedInterfaceOrientations_iPhone = "UIInterfaceOrientationPortrait UIInterfaceOrientationLandscapeLeft UIInterfaceOrientationLandscapeRight";
				LD_RUNPATH_SEARCH_PATHS = (
					"$(inherited)",
					"@executable_path/Frameworks",
				);
				MARKETING_VERSION = 1.0;
				PRODUCT_BUNDLE_IDENTIFIER = "com.gojek.prabagaran.TravellerBuddy-iOS";
				PRODUCT_NAME = "$(TARGET_NAME)";
				SWIFT_EMIT_LOC_STRINGS = YES;
				SWIFT_VERSION = 5.0;
				TARGETED_DEVICE_FAMILY = "1,2";
			};
			name = Debug;
		};
		506D49562B32AD2300B38868 /* Release */ = {
			isa = XCBuildConfiguration;
			buildSettings = {
				ASSETCATALOG_COMPILER_APPICON_NAME = AppIcon;
				ASSETCATALOG_COMPILER_GLOBAL_ACCENT_COLOR_NAME = AccentColor;
				CODE_SIGN_STYLE = Automatic;
				CURRENT_PROJECT_VERSION = 1;
				GENERATE_INFOPLIST_FILE = YES;
				INFOPLIST_FILE = "TravellerBuddy-iOS/Info.plist";
				INFOPLIST_KEY_UIApplicationSupportsIndirectInputEvents = YES;
				INFOPLIST_KEY_UILaunchStoryboardName = LaunchScreen;
				INFOPLIST_KEY_UISupportedInterfaceOrientations_iPad = "UIInterfaceOrientationPortrait UIInterfaceOrientationPortraitUpsideDown UIInterfaceOrientationLandscapeLeft UIInterfaceOrientationLandscapeRight";
				INFOPLIST_KEY_UISupportedInterfaceOrientations_iPhone = "UIInterfaceOrientationPortrait UIInterfaceOrientationLandscapeLeft UIInterfaceOrientationLandscapeRight";
				LD_RUNPATH_SEARCH_PATHS = (
					"$(inherited)",
					"@executable_path/Frameworks",
				);
				MARKETING_VERSION = 1.0;
				PRODUCT_BUNDLE_IDENTIFIER = "com.gojek.prabagaran.TravellerBuddy-iOS";
				PRODUCT_NAME = "$(TARGET_NAME)";
				SWIFT_EMIT_LOC_STRINGS = YES;
				SWIFT_VERSION = 5.0;
				TARGETED_DEVICE_FAMILY = "1,2";
			};
			name = Release;
		};
		506D49582B32AD2300B38868 /* Debug */ = {
			isa = XCBuildConfiguration;
			buildSettings = {
				ALWAYS_EMBED_SWIFT_STANDARD_LIBRARIES = YES;
				BUNDLE_LOADER = "$(TEST_HOST)";
				CODE_SIGN_STYLE = Automatic;
				CURRENT_PROJECT_VERSION = 1;
				GENERATE_INFOPLIST_FILE = YES;
				IPHONEOS_DEPLOYMENT_TARGET = 16.4;
				MARKETING_VERSION = 1.0;
				PRODUCT_BUNDLE_IDENTIFIER = "com.gojek.prabagaran.TravellerBuddy-iOSTests";
				PRODUCT_NAME = "$(TARGET_NAME)";
				SWIFT_EMIT_LOC_STRINGS = NO;
				SWIFT_VERSION = 5.0;
				TARGETED_DEVICE_FAMILY = "1,2";
				TEST_HOST = "$(BUILT_PRODUCTS_DIR)/TravellerBuddy-iOS.app/$(BUNDLE_EXECUTABLE_FOLDER_PATH)/TravellerBuddy-iOS";
			};
			name = Debug;
		};
		506D49592B32AD2300B38868 /* Release */ = {
			isa = XCBuildConfiguration;
			buildSettings = {
				ALWAYS_EMBED_SWIFT_STANDARD_LIBRARIES = YES;
				BUNDLE_LOADER = "$(TEST_HOST)";
				CODE_SIGN_STYLE = Automatic;
				CURRENT_PROJECT_VERSION = 1;
				GENERATE_INFOPLIST_FILE = YES;
				IPHONEOS_DEPLOYMENT_TARGET = 16.4;
				MARKETING_VERSION = 1.0;
				PRODUCT_BUNDLE_IDENTIFIER = "com.gojek.prabagaran.TravellerBuddy-iOSTests";
				PRODUCT_NAME = "$(TARGET_NAME)";
				SWIFT_EMIT_LOC_STRINGS = NO;
				SWIFT_VERSION = 5.0;
				TARGETED_DEVICE_FAMILY = "1,2";
				TEST_HOST = "$(BUILT_PRODUCTS_DIR)/TravellerBuddy-iOS.app/$(BUNDLE_EXECUTABLE_FOLDER_PATH)/TravellerBuddy-iOS";
			};
			name = Release;
		};
		506D495B2B32AD2300B38868 /* Debug */ = {
			isa = XCBuildConfiguration;
			buildSettings = {
				ALWAYS_EMBED_SWIFT_STANDARD_LIBRARIES = YES;
				CODE_SIGN_STYLE = Automatic;
				CURRENT_PROJECT_VERSION = 1;
				GENERATE_INFOPLIST_FILE = YES;
				MARKETING_VERSION = 1.0;
				PRODUCT_BUNDLE_IDENTIFIER = "com.gojek.prabagaran.TravellerBuddy-iOSUITests";
				PRODUCT_NAME = "$(TARGET_NAME)";
				SWIFT_EMIT_LOC_STRINGS = NO;
				SWIFT_VERSION = 5.0;
				TARGETED_DEVICE_FAMILY = "1,2";
				TEST_TARGET_NAME = "TravellerBuddy-iOS";
			};
			name = Debug;
		};
		506D495C2B32AD2300B38868 /* Release */ = {
			isa = XCBuildConfiguration;
			buildSettings = {
				ALWAYS_EMBED_SWIFT_STANDARD_LIBRARIES = YES;
				CODE_SIGN_STYLE = Automatic;
				CURRENT_PROJECT_VERSION = 1;
				GENERATE_INFOPLIST_FILE = YES;
				MARKETING_VERSION = 1.0;
				PRODUCT_BUNDLE_IDENTIFIER = "com.gojek.prabagaran.TravellerBuddy-iOSUITests";
				PRODUCT_NAME = "$(TARGET_NAME)";
				SWIFT_EMIT_LOC_STRINGS = NO;
				SWIFT_VERSION = 5.0;
				TARGETED_DEVICE_FAMILY = "1,2";
				TEST_TARGET_NAME = "TravellerBuddy-iOS";
			};
			name = Release;
		};
/* End XCBuildConfiguration section */

/* Begin XCConfigurationList section */
		506D49252B32AD2200B38868 /* Build configuration list for PBXProject "TravellerBuddy-iOS" */ = {
			isa = XCConfigurationList;
			buildConfigurations = (
				506D49522B32AD2300B38868 /* Debug */,
				506D49532B32AD2300B38868 /* Release */,
			);
			defaultConfigurationIsVisible = 0;
			defaultConfigurationName = Release;
		};
		506D49542B32AD2300B38868 /* Build configuration list for PBXNativeTarget "TravellerBuddy-iOS" */ = {
			isa = XCConfigurationList;
			buildConfigurations = (
				506D49552B32AD2300B38868 /* Debug */,
				506D49562B32AD2300B38868 /* Release */,
			);
			defaultConfigurationIsVisible = 0;
			defaultConfigurationName = Release;
		};
		506D49572B32AD2300B38868 /* Build configuration list for PBXNativeTarget "TravellerBuddy-iOSTests" */ = {
			isa = XCConfigurationList;
			buildConfigurations = (
				506D49582B32AD2300B38868 /* Debug */,
				506D49592B32AD2300B38868 /* Release */,
			);
			defaultConfigurationIsVisible = 0;
			defaultConfigurationName = Release;
		};
		506D495A2B32AD2300B38868 /* Build configuration list for PBXNativeTarget "TravellerBuddy-iOSUITests" */ = {
			isa = XCConfigurationList;
			buildConfigurations = (
				506D495B2B32AD2300B38868 /* Debug */,
				506D495C2B32AD2300B38868 /* Release */,
			);
			defaultConfigurationIsVisible = 0;
			defaultConfigurationName = Release;
		};
/* End XCConfigurationList section */
	};
	rootObject = 506D49222B32AD2200B38868 /* Project object */;
}
